// !$*UTF8*$!
{
	archiveVersion = 1;
	classes = {
	};
	objectVersion = 56;
	objects = {

/* Begin PBXBuildFile section */
		E41C52D12C1BA46D00B8AB63 /* NetworkClient.swift in Sources */ = {isa = PBXBuildFile; fileRef = E41C52D02C1BA46D00B8AB63 /* NetworkClient.swift */; };
		E44AA4CB2BEA6A000090FE47 /* Constants.swift in Sources */ = {isa = PBXBuildFile; fileRef = E44AA4CA2BEA6A000090FE47 /* Constants.swift */; };
		E4807F1B2C21455300155541 /* AlertPresenter.swift in Sources */ = {isa = PBXBuildFile; fileRef = E4807F1A2C21455300155541 /* AlertPresenter.swift */; };
		E4807F312C22CA1800155541 /* Photo.swift in Sources */ = {isa = PBXBuildFile; fileRef = E4807F302C22CA1800155541 /* Photo.swift */; };
		E4807F332C22CA3800155541 /* UrlsResult.swift in Sources */ = {isa = PBXBuildFile; fileRef = E4807F322C22CA3800155541 /* UrlsResult.swift */; };
		E4807F352C22CA5200155541 /* PhotoResult.swift in Sources */ = {isa = PBXBuildFile; fileRef = E4807F342C22CA5200155541 /* PhotoResult.swift */; };
		E4807F372C22CA6900155541 /* ImageListService.swift in Sources */ = {isa = PBXBuildFile; fileRef = E4807F362C22CA6900155541 /* ImageListService.swift */; };
		E4860A7D2BCD4B0D0041CD02 /* SingleImageViewController.swift in Sources */ = {isa = PBXBuildFile; fileRef = E4860A7C2BCD4B0D0041CD02 /* SingleImageViewController.swift */; };
		E48EFB9D2BBA948B0015A7D1 /* AppDelegate.swift in Sources */ = {isa = PBXBuildFile; fileRef = E48EFB9C2BBA948B0015A7D1 /* AppDelegate.swift */; };
		E48EFB9F2BBA948C0015A7D1 /* SceneDelegate.swift in Sources */ = {isa = PBXBuildFile; fileRef = E48EFB9E2BBA948C0015A7D1 /* SceneDelegate.swift */; };
		E48EFBA12BBA948C0015A7D1 /* ImagesListViewController.swift in Sources */ = {isa = PBXBuildFile; fileRef = E48EFBA02BBA948C0015A7D1 /* ImagesListViewController.swift */; };
		E48EFBA42BBA948C0015A7D1 /* Main.storyboard in Resources */ = {isa = PBXBuildFile; fileRef = E48EFBA22BBA948C0015A7D1 /* Main.storyboard */; };
		E48EFBA62BBA94900015A7D1 /* Assets.xcassets in Resources */ = {isa = PBXBuildFile; fileRef = E48EFBA52BBA94900015A7D1 /* Assets.xcassets */; };
		E48EFBA92BBA94900015A7D1 /* LaunchScreen.storyboard in Resources */ = {isa = PBXBuildFile; fileRef = E48EFBA72BBA94900015A7D1 /* LaunchScreen.storyboard */; };
		E48EFBB42BBA94900015A7D1 /* ImageFeedTests.swift in Sources */ = {isa = PBXBuildFile; fileRef = E48EFBB32BBA94900015A7D1 /* ImageFeedTests.swift */; };
		E48EFBBE2BBA94910015A7D1 /* ImageFeedUITests.swift in Sources */ = {isa = PBXBuildFile; fileRef = E48EFBBD2BBA94910015A7D1 /* ImageFeedUITests.swift */; };
		E48EFBC02BBA94910015A7D1 /* ImageFeedUITestsLaunchTests.swift in Sources */ = {isa = PBXBuildFile; fileRef = E48EFBBF2BBA94910015A7D1 /* ImageFeedUITestsLaunchTests.swift */; };
		E48EFC8C2BC16BC60015A7D1 /* ImagesListCell.swift in Sources */ = {isa = PBXBuildFile; fileRef = E48EFC8B2BC16BC60015A7D1 /* ImagesListCell.swift */; };
		E48EFC8F2BC7F6F90015A7D1 /* ProfileViewController.swift in Sources */ = {isa = PBXBuildFile; fileRef = E48EFC8E2BC7F6F90015A7D1 /* ProfileViewController.swift */; };
		E4CAB70E2C0DA3A900E8611A /* AuthViewController.swift in Sources */ = {isa = PBXBuildFile; fileRef = E4CAB70D2C0DA3A900E8611A /* AuthViewController.swift */; };
		E4CAB7102C0DA49400E8611A /* WebViewViewController.swift in Sources */ = {isa = PBXBuildFile; fileRef = E4CAB70F2C0DA49400E8611A /* WebViewViewController.swift */; };
		E4CAB7132C0DE87900E8611A /* SplashViewController.swift in Sources */ = {isa = PBXBuildFile; fileRef = E4CAB7122C0DE87900E8611A /* SplashViewController.swift */; };
		E4CAB7162C0DED2800E8611A /* OAuth2Service.swift in Sources */ = {isa = PBXBuildFile; fileRef = E4CAB7152C0DED2800E8611A /* OAuth2Service.swift */; };
		E4CAB7192C0DED6900E8611A /* OAuth2TokenStorage.swift in Sources */ = {isa = PBXBuildFile; fileRef = E4CAB7182C0DED6900E8611A /* OAuth2TokenStorage.swift */; };
		E4CAB71B2C0E06C800E8611A /* OAuthTokenResponseBody.swift in Sources */ = {isa = PBXBuildFile; fileRef = E4CAB71A2C0E06C800E8611A /* OAuthTokenResponseBody.swift */; };
		E4CAB7202C11D3AF00E8611A /* ProgressHUD in Frameworks */ = {isa = PBXBuildFile; productRef = E4CAB71F2C11D3AF00E8611A /* ProgressHUD */; };
		E4CAB7222C13235800E8611A /* UIBlockingProgressHUD.swift in Sources */ = {isa = PBXBuildFile; fileRef = E4CAB7212C13235800E8611A /* UIBlockingProgressHUD.swift */; };
		E4CAB7242C14431400E8611A /* ProfileService.swift in Sources */ = {isa = PBXBuildFile; fileRef = E4CAB7232C14431400E8611A /* ProfileService.swift */; };
		E4CAB7262C1476D300E8611A /* ProfileImageService.swift in Sources */ = {isa = PBXBuildFile; fileRef = E4CAB7252C1476D300E8611A /* ProfileImageService.swift */; };
		E4CAB7282C16DC7C00E8611A /* TabBarController.swift in Sources */ = {isa = PBXBuildFile; fileRef = E4CAB7272C16DC7C00E8611A /* TabBarController.swift */; };
		E4CAB72B2C17158600E8611A /* Kingfisher in Frameworks */ = {isa = PBXBuildFile; productRef = E4CAB72A2C17158600E8611A /* Kingfisher */; };
		E4CAB72E2C173D5700E8611A /* SwiftKeychainWrapper in Frameworks */ = {isa = PBXBuildFile; productRef = E4CAB72D2C173D5700E8611A /* SwiftKeychainWrapper */; };
/* End PBXBuildFile section */

/* Begin PBXContainerItemProxy section */
		E48EFBB02BBA94900015A7D1 /* PBXContainerItemProxy */ = {
			isa = PBXContainerItemProxy;
			containerPortal = E48EFB912BBA948B0015A7D1 /* Project object */;
			proxyType = 1;
			remoteGlobalIDString = E48EFB982BBA948B0015A7D1;
			remoteInfo = ImageFeed;
		};
		E48EFBBA2BBA94900015A7D1 /* PBXContainerItemProxy */ = {
			isa = PBXContainerItemProxy;
			containerPortal = E48EFB912BBA948B0015A7D1 /* Project object */;
			proxyType = 1;
			remoteGlobalIDString = E48EFB982BBA948B0015A7D1;
			remoteInfo = ImageFeed;
		};
/* End PBXContainerItemProxy section */

/* Begin PBXFileReference section */
		E41C52D02C1BA46D00B8AB63 /* NetworkClient.swift */ = {isa = PBXFileReference; lastKnownFileType = sourcecode.swift; path = NetworkClient.swift; sourceTree = "<group>"; };
		E44AA4CA2BEA6A000090FE47 /* Constants.swift */ = {isa = PBXFileReference; lastKnownFileType = sourcecode.swift; path = Constants.swift; sourceTree = "<group>"; };
		E4807F1A2C21455300155541 /* AlertPresenter.swift */ = {isa = PBXFileReference; lastKnownFileType = sourcecode.swift; path = AlertPresenter.swift; sourceTree = "<group>"; };
		E4807F302C22CA1800155541 /* Photo.swift */ = {isa = PBXFileReference; lastKnownFileType = sourcecode.swift; path = Photo.swift; sourceTree = "<group>"; };
		E4807F322C22CA3800155541 /* UrlsResult.swift */ = {isa = PBXFileReference; lastKnownFileType = sourcecode.swift; path = UrlsResult.swift; sourceTree = "<group>"; };
		E4807F342C22CA5200155541 /* PhotoResult.swift */ = {isa = PBXFileReference; lastKnownFileType = sourcecode.swift; path = PhotoResult.swift; sourceTree = "<group>"; };
		E4807F362C22CA6900155541 /* ImageListService.swift */ = {isa = PBXFileReference; lastKnownFileType = sourcecode.swift; path = ImageListService.swift; sourceTree = "<group>"; };
		E4860A7C2BCD4B0D0041CD02 /* SingleImageViewController.swift */ = {isa = PBXFileReference; lastKnownFileType = sourcecode.swift; path = SingleImageViewController.swift; sourceTree = "<group>"; };
		E48EFB992BBA948B0015A7D1 /* ImageFeed.app */ = {isa = PBXFileReference; explicitFileType = wrapper.application; includeInIndex = 0; path = ImageFeed.app; sourceTree = BUILT_PRODUCTS_DIR; };
		E48EFB9C2BBA948B0015A7D1 /* AppDelegate.swift */ = {isa = PBXFileReference; lastKnownFileType = sourcecode.swift; path = AppDelegate.swift; sourceTree = "<group>"; };
		E48EFB9E2BBA948C0015A7D1 /* SceneDelegate.swift */ = {isa = PBXFileReference; lastKnownFileType = sourcecode.swift; path = SceneDelegate.swift; sourceTree = "<group>"; };
		E48EFBA02BBA948C0015A7D1 /* ImagesListViewController.swift */ = {isa = PBXFileReference; lastKnownFileType = sourcecode.swift; path = ImagesListViewController.swift; sourceTree = "<group>"; };
		E48EFBA32BBA948C0015A7D1 /* Base */ = {isa = PBXFileReference; lastKnownFileType = file.storyboard; name = Base; path = Base.lproj/Main.storyboard; sourceTree = "<group>"; };
		E48EFBA52BBA94900015A7D1 /* Assets.xcassets */ = {isa = PBXFileReference; lastKnownFileType = folder.assetcatalog; path = Assets.xcassets; sourceTree = "<group>"; };
		E48EFBA82BBA94900015A7D1 /* Base */ = {isa = PBXFileReference; lastKnownFileType = file.storyboard; name = Base; path = Base.lproj/LaunchScreen.storyboard; sourceTree = "<group>"; };
		E48EFBAA2BBA94900015A7D1 /* Info.plist */ = {isa = PBXFileReference; lastKnownFileType = text.plist.xml; path = Info.plist; sourceTree = "<group>"; };
		E48EFBAF2BBA94900015A7D1 /* ImageFeedTests.xctest */ = {isa = PBXFileReference; explicitFileType = wrapper.cfbundle; includeInIndex = 0; path = ImageFeedTests.xctest; sourceTree = BUILT_PRODUCTS_DIR; };
		E48EFBB32BBA94900015A7D1 /* ImageFeedTests.swift */ = {isa = PBXFileReference; lastKnownFileType = sourcecode.swift; path = ImageFeedTests.swift; sourceTree = "<group>"; };
		E48EFBB92BBA94900015A7D1 /* ImageFeedUITests.xctest */ = {isa = PBXFileReference; explicitFileType = wrapper.cfbundle; includeInIndex = 0; path = ImageFeedUITests.xctest; sourceTree = BUILT_PRODUCTS_DIR; };
		E48EFBBD2BBA94910015A7D1 /* ImageFeedUITests.swift */ = {isa = PBXFileReference; lastKnownFileType = sourcecode.swift; path = ImageFeedUITests.swift; sourceTree = "<group>"; };
		E48EFBBF2BBA94910015A7D1 /* ImageFeedUITestsLaunchTests.swift */ = {isa = PBXFileReference; lastKnownFileType = sourcecode.swift; path = ImageFeedUITestsLaunchTests.swift; sourceTree = "<group>"; };
		E48EFC8B2BC16BC60015A7D1 /* ImagesListCell.swift */ = {isa = PBXFileReference; lastKnownFileType = sourcecode.swift; path = ImagesListCell.swift; sourceTree = "<group>"; };
		E48EFC8E2BC7F6F90015A7D1 /* ProfileViewController.swift */ = {isa = PBXFileReference; lastKnownFileType = sourcecode.swift; path = ProfileViewController.swift; sourceTree = "<group>"; };
		E4CAB70D2C0DA3A900E8611A /* AuthViewController.swift */ = {isa = PBXFileReference; lastKnownFileType = sourcecode.swift; path = AuthViewController.swift; sourceTree = "<group>"; };
		E4CAB70F2C0DA49400E8611A /* WebViewViewController.swift */ = {isa = PBXFileReference; lastKnownFileType = sourcecode.swift; path = WebViewViewController.swift; sourceTree = "<group>"; };
		E4CAB7122C0DE87900E8611A /* SplashViewController.swift */ = {isa = PBXFileReference; lastKnownFileType = sourcecode.swift; path = SplashViewController.swift; sourceTree = "<group>"; };
		E4CAB7152C0DED2800E8611A /* OAuth2Service.swift */ = {isa = PBXFileReference; lastKnownFileType = sourcecode.swift; path = OAuth2Service.swift; sourceTree = "<group>"; };
		E4CAB7182C0DED6900E8611A /* OAuth2TokenStorage.swift */ = {isa = PBXFileReference; lastKnownFileType = sourcecode.swift; path = OAuth2TokenStorage.swift; sourceTree = "<group>"; };
		E4CAB71A2C0E06C800E8611A /* OAuthTokenResponseBody.swift */ = {isa = PBXFileReference; lastKnownFileType = sourcecode.swift; path = OAuthTokenResponseBody.swift; sourceTree = "<group>"; };
		E4CAB7212C13235800E8611A /* UIBlockingProgressHUD.swift */ = {isa = PBXFileReference; lastKnownFileType = sourcecode.swift; path = UIBlockingProgressHUD.swift; sourceTree = "<group>"; };
		E4CAB7232C14431400E8611A /* ProfileService.swift */ = {isa = PBXFileReference; lastKnownFileType = sourcecode.swift; path = ProfileService.swift; sourceTree = "<group>"; };
		E4CAB7252C1476D300E8611A /* ProfileImageService.swift */ = {isa = PBXFileReference; lastKnownFileType = sourcecode.swift; path = ProfileImageService.swift; sourceTree = "<group>"; };
		E4CAB7272C16DC7C00E8611A /* TabBarController.swift */ = {isa = PBXFileReference; lastKnownFileType = sourcecode.swift; path = TabBarController.swift; sourceTree = "<group>"; };
/* End PBXFileReference section */

/* Begin PBXFrameworksBuildPhase section */
		E48EFB962BBA948B0015A7D1 /* Frameworks */ = {
			isa = PBXFrameworksBuildPhase;
			buildActionMask = 2147483647;
			files = (
				E4CAB72B2C17158600E8611A /* Kingfisher in Frameworks */,
				E4CAB7202C11D3AF00E8611A /* ProgressHUD in Frameworks */,
				E4CAB72E2C173D5700E8611A /* SwiftKeychainWrapper in Frameworks */,
			);
			runOnlyForDeploymentPostprocessing = 0;
		};
		E48EFBAC2BBA94900015A7D1 /* Frameworks */ = {
			isa = PBXFrameworksBuildPhase;
			buildActionMask = 2147483647;
			files = (
			);
			runOnlyForDeploymentPostprocessing = 0;
		};
		E48EFBB62BBA94900015A7D1 /* Frameworks */ = {
			isa = PBXFrameworksBuildPhase;
			buildActionMask = 2147483647;
			files = (
			);
			runOnlyForDeploymentPostprocessing = 0;
		};
/* End PBXFrameworksBuildPhase section */

/* Begin PBXGroup section */
		E4807F192C21454200155541 /* Alert */ = {
			isa = PBXGroup;
			children = (
				E4807F1A2C21455300155541 /* AlertPresenter.swift */,
			);
			path = Alert;
			sourceTree = "<group>";
		};
		E4807F2F2C22CA0700155541 /* ImageFeedModels */ = {
			isa = PBXGroup;
			children = (
				E4807F302C22CA1800155541 /* Photo.swift */,
				E4807F322C22CA3800155541 /* UrlsResult.swift */,
				E4807F342C22CA5200155541 /* PhotoResult.swift */,
			);
			path = ImageFeedModels;
			sourceTree = "<group>";
		};
		E4860A7E2BCD61B40041CD02 /* SingleImageView */ = {
			isa = PBXGroup;
			children = (
				E4860A7C2BCD4B0D0041CD02 /* SingleImageViewController.swift */,
			);
			path = SingleImageView;
			sourceTree = "<group>";
		};
		E48EFB902BBA948B0015A7D1 = {
			isa = PBXGroup;
			children = (
				E4807F2F2C22CA0700155541 /* ImageFeedModels */,
				E4807F192C21454200155541 /* Alert */,
				E41C52D02C1BA46D00B8AB63 /* NetworkClient.swift */,
				E4CAB7212C13235800E8611A /* UIBlockingProgressHUD.swift */,
				E4CAB7272C16DC7C00E8611A /* TabBarController.swift */,
				E48EFB9B2BBA948B0015A7D1 /* ImageFeed */,
				E48EFBB22BBA94900015A7D1 /* ImageFeedTests */,
				E48EFBBC2BBA94910015A7D1 /* ImageFeedUITests */,
				E48EFB9A2BBA948B0015A7D1 /* Products */,
			);
			sourceTree = "<group>";
		};
		E48EFB9A2BBA948B0015A7D1 /* Products */ = {
			isa = PBXGroup;
			children = (
				E48EFB992BBA948B0015A7D1 /* ImageFeed.app */,
				E48EFBAF2BBA94900015A7D1 /* ImageFeedTests.xctest */,
				E48EFBB92BBA94900015A7D1 /* ImageFeedUITests.xctest */,
			);
			name = Products;
			sourceTree = "<group>";
		};
		E48EFB9B2BBA948B0015A7D1 /* ImageFeed */ = {
			isa = PBXGroup;
			children = (
				E48EFB9C2BBA948B0015A7D1 /* AppDelegate.swift */,
				E48EFB9E2BBA948C0015A7D1 /* SceneDelegate.swift */,
				E44AA4CA2BEA6A000090FE47 /* Constants.swift */,
				E4CAB7142C0DED1000E8611A /* ServiceAccessLayer */,
				E4CAB7112C0DE85800E8611A /* SplashViewController */,
				E4CAB70C2C0DA38600E8611A /* Auth */,
				E48EFD392BCD20C80015A7D1 /* Profile */,
				E48EFC8D2BC16BEB0015A7D1 /* ImagesList */,
				E4860A7E2BCD61B40041CD02 /* SingleImageView */,
				E48EFBA22BBA948C0015A7D1 /* Main.storyboard */,
				E48EFBA52BBA94900015A7D1 /* Assets.xcassets */,
				E48EFBA72BBA94900015A7D1 /* LaunchScreen.storyboard */,
				E48EFBAA2BBA94900015A7D1 /* Info.plist */,
			);
			path = ImageFeed;
			sourceTree = "<group>";
		};
		E48EFBB22BBA94900015A7D1 /* ImageFeedTests */ = {
			isa = PBXGroup;
			children = (
				E48EFBB32BBA94900015A7D1 /* ImageFeedTests.swift */,
			);
			path = ImageFeedTests;
			sourceTree = "<group>";
		};
		E48EFBBC2BBA94910015A7D1 /* ImageFeedUITests */ = {
			isa = PBXGroup;
			children = (
				E48EFBBD2BBA94910015A7D1 /* ImageFeedUITests.swift */,
				E48EFBBF2BBA94910015A7D1 /* ImageFeedUITestsLaunchTests.swift */,
			);
			path = ImageFeedUITests;
			sourceTree = "<group>";
		};
		E48EFC8D2BC16BEB0015A7D1 /* ImagesList */ = {
			isa = PBXGroup;
			children = (
				E48EFC8B2BC16BC60015A7D1 /* ImagesListCell.swift */,
				E48EFBA02BBA948C0015A7D1 /* ImagesListViewController.swift */,
				E4807F362C22CA6900155541 /* ImageListService.swift */,
			);
			path = ImagesList;
			sourceTree = "<group>";
		};
		E48EFD392BCD20C80015A7D1 /* Profile */ = {
			isa = PBXGroup;
			children = (
				E48EFC8E2BC7F6F90015A7D1 /* ProfileViewController.swift */,
				E4CAB7232C14431400E8611A /* ProfileService.swift */,
				E4CAB7252C1476D300E8611A /* ProfileImageService.swift */,
			);
			path = Profile;
			sourceTree = "<group>";
		};
		E4CAB70C2C0DA38600E8611A /* Auth */ = {
			isa = PBXGroup;
			children = (
				E4CAB70D2C0DA3A900E8611A /* AuthViewController.swift */,
				E4CAB70F2C0DA49400E8611A /* WebViewViewController.swift */,
			);
			path = Auth;
			sourceTree = "<group>";
		};
		E4CAB7112C0DE85800E8611A /* SplashViewController */ = {
			isa = PBXGroup;
			children = (
				E4CAB7122C0DE87900E8611A /* SplashViewController.swift */,
			);
			path = SplashViewController;
			sourceTree = "<group>";
		};
		E4CAB7142C0DED1000E8611A /* ServiceAccessLayer */ = {
			isa = PBXGroup;
			children = (
				E4CAB7172C0DED4D00E8611A /* OAuth2 */,
			);
			path = ServiceAccessLayer;
			sourceTree = "<group>";
		};
		E4CAB7172C0DED4D00E8611A /* OAuth2 */ = {
			isa = PBXGroup;
			children = (
				E4CAB7152C0DED2800E8611A /* OAuth2Service.swift */,
				E4CAB7182C0DED6900E8611A /* OAuth2TokenStorage.swift */,
				E4CAB71A2C0E06C800E8611A /* OAuthTokenResponseBody.swift */,
			);
			path = OAuth2;
			sourceTree = "<group>";
		};
/* End PBXGroup section */

/* Begin PBXNativeTarget section */
		E48EFB982BBA948B0015A7D1 /* ImageFeed */ = {
			isa = PBXNativeTarget;
			buildConfigurationList = E48EFBC32BBA94910015A7D1 /* Build configuration list for PBXNativeTarget "ImageFeed" */;
			buildPhases = (
				E48EFB952BBA948B0015A7D1 /* Sources */,
				E48EFB962BBA948B0015A7D1 /* Frameworks */,
				E48EFB972BBA948B0015A7D1 /* Resources */,
			);
			buildRules = (
			);
			dependencies = (
			);
			name = ImageFeed;
			packageProductDependencies = (
				E4CAB71F2C11D3AF00E8611A /* ProgressHUD */,
				E4CAB72A2C17158600E8611A /* Kingfisher */,
				E4CAB72D2C173D5700E8611A /* SwiftKeychainWrapper */,
			);
			productName = ImageFeed;
			productReference = E48EFB992BBA948B0015A7D1 /* ImageFeed.app */;
			productType = "com.apple.product-type.application";
		};
		E48EFBAE2BBA94900015A7D1 /* ImageFeedTests */ = {
			isa = PBXNativeTarget;
			buildConfigurationList = E48EFBC62BBA94910015A7D1 /* Build configuration list for PBXNativeTarget "ImageFeedTests" */;
			buildPhases = (
				E48EFBAB2BBA94900015A7D1 /* Sources */,
				E48EFBAC2BBA94900015A7D1 /* Frameworks */,
				E48EFBAD2BBA94900015A7D1 /* Resources */,
			);
			buildRules = (
			);
			dependencies = (
				E48EFBB12BBA94900015A7D1 /* PBXTargetDependency */,
			);
			name = ImageFeedTests;
			productName = ImageFeedTests;
			productReference = E48EFBAF2BBA94900015A7D1 /* ImageFeedTests.xctest */;
			productType = "com.apple.product-type.bundle.unit-test";
		};
		E48EFBB82BBA94900015A7D1 /* ImageFeedUITests */ = {
			isa = PBXNativeTarget;
			buildConfigurationList = E48EFBC92BBA94910015A7D1 /* Build configuration list for PBXNativeTarget "ImageFeedUITests" */;
			buildPhases = (
				E48EFBB52BBA94900015A7D1 /* Sources */,
				E48EFBB62BBA94900015A7D1 /* Frameworks */,
				E48EFBB72BBA94900015A7D1 /* Resources */,
			);
			buildRules = (
			);
			dependencies = (
				E48EFBBB2BBA94900015A7D1 /* PBXTargetDependency */,
			);
			name = ImageFeedUITests;
			productName = ImageFeedUITests;
			productReference = E48EFBB92BBA94900015A7D1 /* ImageFeedUITests.xctest */;
			productType = "com.apple.product-type.bundle.ui-testing";
		};
/* End PBXNativeTarget section */

/* Begin PBXProject section */
		E48EFB912BBA948B0015A7D1 /* Project object */ = {
			isa = PBXProject;
			attributes = {
				BuildIndependentTargetsInParallel = 1;
				LastSwiftUpdateCheck = 1510;
				LastUpgradeCheck = 1510;
				TargetAttributes = {
					E48EFB982BBA948B0015A7D1 = {
						CreatedOnToolsVersion = 15.1;
					};
					E48EFBAE2BBA94900015A7D1 = {
						CreatedOnToolsVersion = 15.1;
						TestTargetID = E48EFB982BBA948B0015A7D1;
					};
					E48EFBB82BBA94900015A7D1 = {
						CreatedOnToolsVersion = 15.1;
						TestTargetID = E48EFB982BBA948B0015A7D1;
					};
				};
			};
			buildConfigurationList = E48EFB942BBA948B0015A7D1 /* Build configuration list for PBXProject "ImageFeed" */;
			compatibilityVersion = "Xcode 14.0";
			developmentRegion = en;
			hasScannedForEncodings = 0;
			knownRegions = (
				en,
				Base,
			);
			mainGroup = E48EFB902BBA948B0015A7D1;
			packageReferences = (
				E4CAB71E2C11D3AF00E8611A /* XCRemoteSwiftPackageReference "ProgressHUD" */,
				E4CAB7292C17158600E8611A /* XCRemoteSwiftPackageReference "Kingfisher" */,
				E4CAB72C2C173D5700E8611A /* XCRemoteSwiftPackageReference "SwiftKeychainWrapper" */,
			);
			productRefGroup = E48EFB9A2BBA948B0015A7D1 /* Products */;
			projectDirPath = "";
			projectRoot = "";
			targets = (
				E48EFB982BBA948B0015A7D1 /* ImageFeed */,
				E48EFBAE2BBA94900015A7D1 /* ImageFeedTests */,
				E48EFBB82BBA94900015A7D1 /* ImageFeedUITests */,
			);
		};
/* End PBXProject section */

/* Begin PBXResourcesBuildPhase section */
		E48EFB972BBA948B0015A7D1 /* Resources */ = {
			isa = PBXResourcesBuildPhase;
			buildActionMask = 2147483647;
			files = (
				E48EFBA92BBA94900015A7D1 /* LaunchScreen.storyboard in Resources */,
				E48EFBA62BBA94900015A7D1 /* Assets.xcassets in Resources */,
				E48EFBA42BBA948C0015A7D1 /* Main.storyboard in Resources */,
			);
			runOnlyForDeploymentPostprocessing = 0;
		};
		E48EFBAD2BBA94900015A7D1 /* Resources */ = {
			isa = PBXResourcesBuildPhase;
			buildActionMask = 2147483647;
			files = (
			);
			runOnlyForDeploymentPostprocessing = 0;
		};
		E48EFBB72BBA94900015A7D1 /* Resources */ = {
			isa = PBXResourcesBuildPhase;
			buildActionMask = 2147483647;
			files = (
			);
			runOnlyForDeploymentPostprocessing = 0;
		};
/* End PBXResourcesBuildPhase section */

/* Begin PBXSourcesBuildPhase section */
		E48EFB952BBA948B0015A7D1 /* Sources */ = {
			isa = PBXSourcesBuildPhase;
			buildActionMask = 2147483647;
			files = (
				E4CAB7242C14431400E8611A /* ProfileService.swift in Sources */,
				E4807F372C22CA6900155541 /* ImageListService.swift in Sources */,
				E4CAB7192C0DED6900E8611A /* OAuth2TokenStorage.swift in Sources */,
				E4CAB7282C16DC7C00E8611A /* TabBarController.swift in Sources */,
				E48EFBA12BBA948C0015A7D1 /* ImagesListViewController.swift in Sources */,
				E4807F312C22CA1800155541 /* Photo.swift in Sources */,
				E4CAB71B2C0E06C800E8611A /* OAuthTokenResponseBody.swift in Sources */,
				E41C52D12C1BA46D00B8AB63 /* NetworkClient.swift in Sources */,
				E48EFC8C2BC16BC60015A7D1 /* ImagesListCell.swift in Sources */,
				E4CAB7262C1476D300E8611A /* ProfileImageService.swift in Sources */,
				E48EFC8F2BC7F6F90015A7D1 /* ProfileViewController.swift in Sources */,
				E4CAB7162C0DED2800E8611A /* OAuth2Service.swift in Sources */,
				E4807F352C22CA5200155541 /* PhotoResult.swift in Sources */,
				E48EFB9D2BBA948B0015A7D1 /* AppDelegate.swift in Sources */,
				E4807F332C22CA3800155541 /* UrlsResult.swift in Sources */,
				E4CAB7222C13235800E8611A /* UIBlockingProgressHUD.swift in Sources */,
				E4CAB70E2C0DA3A900E8611A /* AuthViewController.swift in Sources */,
				E44AA4CB2BEA6A000090FE47 /* Constants.swift in Sources */,
				E4860A7D2BCD4B0D0041CD02 /* SingleImageViewController.swift in Sources */,
				E4807F1B2C21455300155541 /* AlertPresenter.swift in Sources */,
				E4CAB7102C0DA49400E8611A /* WebViewViewController.swift in Sources */,
				E48EFB9F2BBA948C0015A7D1 /* SceneDelegate.swift in Sources */,
				E4CAB7132C0DE87900E8611A /* SplashViewController.swift in Sources */,
			);
			runOnlyForDeploymentPostprocessing = 0;
		};
		E48EFBAB2BBA94900015A7D1 /* Sources */ = {
			isa = PBXSourcesBuildPhase;
			buildActionMask = 2147483647;
			files = (
				E48EFBB42BBA94900015A7D1 /* ImageFeedTests.swift in Sources */,
			);
			runOnlyForDeploymentPostprocessing = 0;
		};
		E48EFBB52BBA94900015A7D1 /* Sources */ = {
			isa = PBXSourcesBuildPhase;
			buildActionMask = 2147483647;
			files = (
				E48EFBC02BBA94910015A7D1 /* ImageFeedUITestsLaunchTests.swift in Sources */,
				E48EFBBE2BBA94910015A7D1 /* ImageFeedUITests.swift in Sources */,
			);
			runOnlyForDeploymentPostprocessing = 0;
		};
/* End PBXSourcesBuildPhase section */

/* Begin PBXTargetDependency section */
		E48EFBB12BBA94900015A7D1 /* PBXTargetDependency */ = {
			isa = PBXTargetDependency;
			target = E48EFB982BBA948B0015A7D1 /* ImageFeed */;
			targetProxy = E48EFBB02BBA94900015A7D1 /* PBXContainerItemProxy */;
		};
		E48EFBBB2BBA94900015A7D1 /* PBXTargetDependency */ = {
			isa = PBXTargetDependency;
			target = E48EFB982BBA948B0015A7D1 /* ImageFeed */;
			targetProxy = E48EFBBA2BBA94900015A7D1 /* PBXContainerItemProxy */;
		};
/* End PBXTargetDependency section */

/* Begin PBXVariantGroup section */
		E48EFBA22BBA948C0015A7D1 /* Main.storyboard */ = {
			isa = PBXVariantGroup;
			children = (
				E48EFBA32BBA948C0015A7D1 /* Base */,
			);
			name = Main.storyboard;
			sourceTree = "<group>";
		};
		E48EFBA72BBA94900015A7D1 /* LaunchScreen.storyboard */ = {
			isa = PBXVariantGroup;
			children = (
				E48EFBA82BBA94900015A7D1 /* Base */,
			);
			name = LaunchScreen.storyboard;
			sourceTree = "<group>";
		};
/* End PBXVariantGroup section */

/* Begin XCBuildConfiguration section */
		E48EFBC12BBA94910015A7D1 /* Debug */ = {
			isa = XCBuildConfiguration;
			buildSettings = {
				ALWAYS_SEARCH_USER_PATHS = NO;
				ASSETCATALOG_COMPILER_GENERATE_SWIFT_ASSET_SYMBOL_EXTENSIONS = YES;
				CLANG_ANALYZER_NONNULL = YES;
				CLANG_ANALYZER_NUMBER_OBJECT_CONVERSION = YES_AGGRESSIVE;
				CLANG_CXX_LANGUAGE_STANDARD = "gnu++20";
				CLANG_ENABLE_MODULES = YES;
				CLANG_ENABLE_OBJC_ARC = YES;
				CLANG_ENABLE_OBJC_WEAK = YES;
				CLANG_WARN_BLOCK_CAPTURE_AUTORELEASING = YES;
				CLANG_WARN_BOOL_CONVERSION = YES;
				CLANG_WARN_COMMA = YES;
				CLANG_WARN_CONSTANT_CONVERSION = YES;
				CLANG_WARN_DEPRECATED_OBJC_IMPLEMENTATIONS = YES;
				CLANG_WARN_DIRECT_OBJC_ISA_USAGE = YES_ERROR;
				CLANG_WARN_DOCUMENTATION_COMMENTS = YES;
				CLANG_WARN_EMPTY_BODY = YES;
				CLANG_WARN_ENUM_CONVERSION = YES;
				CLANG_WARN_INFINITE_RECURSION = YES;
				CLANG_WARN_INT_CONVERSION = YES;
				CLANG_WARN_NON_LITERAL_NULL_CONVERSION = YES;
				CLANG_WARN_OBJC_IMPLICIT_RETAIN_SELF = YES;
				CLANG_WARN_OBJC_LITERAL_CONVERSION = YES;
				CLANG_WARN_OBJC_ROOT_CLASS = YES_ERROR;
				CLANG_WARN_QUOTED_INCLUDE_IN_FRAMEWORK_HEADER = YES;
				CLANG_WARN_RANGE_LOOP_ANALYSIS = YES;
				CLANG_WARN_STRICT_PROTOTYPES = YES;
				CLANG_WARN_SUSPICIOUS_MOVE = YES;
				CLANG_WARN_UNGUARDED_AVAILABILITY = YES_AGGRESSIVE;
				CLANG_WARN_UNREACHABLE_CODE = YES;
				CLANG_WARN__DUPLICATE_METHOD_MATCH = YES;
				COPY_PHASE_STRIP = NO;
				DEBUG_INFORMATION_FORMAT = dwarf;
				ENABLE_STRICT_OBJC_MSGSEND = YES;
				ENABLE_TESTABILITY = YES;
				ENABLE_USER_SCRIPT_SANDBOXING = YES;
				GCC_C_LANGUAGE_STANDARD = gnu17;
				GCC_DYNAMIC_NO_PIC = NO;
				GCC_NO_COMMON_BLOCKS = YES;
				GCC_OPTIMIZATION_LEVEL = 0;
				GCC_PREPROCESSOR_DEFINITIONS = (
					"DEBUG=1",
					"$(inherited)",
				);
				GCC_WARN_64_TO_32_BIT_CONVERSION = YES;
				GCC_WARN_ABOUT_RETURN_TYPE = YES_ERROR;
				GCC_WARN_UNDECLARED_SELECTOR = YES;
				GCC_WARN_UNINITIALIZED_AUTOS = YES_AGGRESSIVE;
				GCC_WARN_UNUSED_FUNCTION = YES;
				GCC_WARN_UNUSED_VARIABLE = YES;
				IPHONEOS_DEPLOYMENT_TARGET = 17.2;
				LOCALIZATION_PREFERS_STRING_CATALOGS = YES;
				MTL_ENABLE_DEBUG_INFO = INCLUDE_SOURCE;
				MTL_FAST_MATH = YES;
				ONLY_ACTIVE_ARCH = YES;
				SDKROOT = iphoneos;
				SWIFT_ACTIVE_COMPILATION_CONDITIONS = "DEBUG $(inherited)";
				SWIFT_OPTIMIZATION_LEVEL = "-Onone";
			};
			name = Debug;
		};
		E48EFBC22BBA94910015A7D1 /* Release */ = {
			isa = XCBuildConfiguration;
			buildSettings = {
				ALWAYS_SEARCH_USER_PATHS = NO;
				ASSETCATALOG_COMPILER_GENERATE_SWIFT_ASSET_SYMBOL_EXTENSIONS = YES;
				CLANG_ANALYZER_NONNULL = YES;
				CLANG_ANALYZER_NUMBER_OBJECT_CONVERSION = YES_AGGRESSIVE;
				CLANG_CXX_LANGUAGE_STANDARD = "gnu++20";
				CLANG_ENABLE_MODULES = YES;
				CLANG_ENABLE_OBJC_ARC = YES;
				CLANG_ENABLE_OBJC_WEAK = YES;
				CLANG_WARN_BLOCK_CAPTURE_AUTORELEASING = YES;
				CLANG_WARN_BOOL_CONVERSION = YES;
				CLANG_WARN_COMMA = YES;
				CLANG_WARN_CONSTANT_CONVERSION = YES;
				CLANG_WARN_DEPRECATED_OBJC_IMPLEMENTATIONS = YES;
				CLANG_WARN_DIRECT_OBJC_ISA_USAGE = YES_ERROR;
				CLANG_WARN_DOCUMENTATION_COMMENTS = YES;
				CLANG_WARN_EMPTY_BODY = YES;
				CLANG_WARN_ENUM_CONVERSION = YES;
				CLANG_WARN_INFINITE_RECURSION = YES;
				CLANG_WARN_INT_CONVERSION = YES;
				CLANG_WARN_NON_LITERAL_NULL_CONVERSION = YES;
				CLANG_WARN_OBJC_IMPLICIT_RETAIN_SELF = YES;
				CLANG_WARN_OBJC_LITERAL_CONVERSION = YES;
				CLANG_WARN_OBJC_ROOT_CLASS = YES_ERROR;
				CLANG_WARN_QUOTED_INCLUDE_IN_FRAMEWORK_HEADER = YES;
				CLANG_WARN_RANGE_LOOP_ANALYSIS = YES;
				CLANG_WARN_STRICT_PROTOTYPES = YES;
				CLANG_WARN_SUSPICIOUS_MOVE = YES;
				CLANG_WARN_UNGUARDED_AVAILABILITY = YES_AGGRESSIVE;
				CLANG_WARN_UNREACHABLE_CODE = YES;
				CLANG_WARN__DUPLICATE_METHOD_MATCH = YES;
				COPY_PHASE_STRIP = NO;
				DEBUG_INFORMATION_FORMAT = "dwarf-with-dsym";
				ENABLE_NS_ASSERTIONS = NO;
				ENABLE_STRICT_OBJC_MSGSEND = YES;
				ENABLE_USER_SCRIPT_SANDBOXING = YES;
				GCC_C_LANGUAGE_STANDARD = gnu17;
				GCC_NO_COMMON_BLOCKS = YES;
				GCC_WARN_64_TO_32_BIT_CONVERSION = YES;
				GCC_WARN_ABOUT_RETURN_TYPE = YES_ERROR;
				GCC_WARN_UNDECLARED_SELECTOR = YES;
				GCC_WARN_UNINITIALIZED_AUTOS = YES_AGGRESSIVE;
				GCC_WARN_UNUSED_FUNCTION = YES;
				GCC_WARN_UNUSED_VARIABLE = YES;
				IPHONEOS_DEPLOYMENT_TARGET = 17.2;
				LOCALIZATION_PREFERS_STRING_CATALOGS = YES;
				MTL_ENABLE_DEBUG_INFO = NO;
				MTL_FAST_MATH = YES;
				SDKROOT = iphoneos;
				SWIFT_COMPILATION_MODE = wholemodule;
				VALIDATE_PRODUCT = YES;
			};
			name = Release;
		};
		E48EFBC42BBA94910015A7D1 /* Debug */ = {
			isa = XCBuildConfiguration;
			buildSettings = {
				ASSETCATALOG_COMPILER_APPICON_NAME = AppIcon;
				ASSETCATALOG_COMPILER_GLOBAL_ACCENT_COLOR_NAME = AccentColor;
				CODE_SIGN_STYLE = Automatic;
				CURRENT_PROJECT_VERSION = 1;
				DEVELOPMENT_TEAM = FP73RGLRL5;
				GENERATE_INFOPLIST_FILE = YES;
				INFOPLIST_FILE = ImageFeed/Info.plist;
				INFOPLIST_KEY_UIApplicationSupportsIndirectInputEvents = YES;
				INFOPLIST_KEY_UILaunchStoryboardName = LaunchScreen;
				INFOPLIST_KEY_UIMainStoryboardFile = Main;
				INFOPLIST_KEY_UISupportedInterfaceOrientations = UIInterfaceOrientationPortrait;
				INFOPLIST_KEY_UISupportedInterfaceOrientations_iPad = "UIInterfaceOrientationLandscapeLeft UIInterfaceOrientationLandscapeRight UIInterfaceOrientationPortrait";
				IPHONEOS_DEPLOYMENT_TARGET = 13.0;
				LD_RUNPATH_SEARCH_PATHS = (
					"$(inherited)",
					"@executable_path/Frameworks",
				);
				MARKETING_VERSION = 1.0;
				PRODUCT_BUNDLE_IDENTIFIER = com.DGalbacheva.ImageFeed;
				PRODUCT_NAME = "$(TARGET_NAME)";
				SUPPORTED_PLATFORMS = "iphoneos iphonesimulator";
				SUPPORTS_MACCATALYST = NO;
				SWIFT_EMIT_LOC_STRINGS = YES;
				SWIFT_VERSION = 5.0;
				TARGETED_DEVICE_FAMILY = 1;
			};
			name = Debug;
		};
		E48EFBC52BBA94910015A7D1 /* Release */ = {
			isa = XCBuildConfiguration;
			buildSettings = {
				ASSETCATALOG_COMPILER_APPICON_NAME = AppIcon;
				ASSETCATALOG_COMPILER_GLOBAL_ACCENT_COLOR_NAME = AccentColor;
				CODE_SIGN_STYLE = Automatic;
				CURRENT_PROJECT_VERSION = 1;
				DEVELOPMENT_TEAM = FP73RGLRL5;
				GENERATE_INFOPLIST_FILE = YES;
				INFOPLIST_FILE = ImageFeed/Info.plist;
				INFOPLIST_KEY_UIApplicationSupportsIndirectInputEvents = YES;
				INFOPLIST_KEY_UILaunchStoryboardName = LaunchScreen;
				INFOPLIST_KEY_UIMainStoryboardFile = Main;
				INFOPLIST_KEY_UISupportedInterfaceOrientations = UIInterfaceOrientationPortrait;
				INFOPLIST_KEY_UISupportedInterfaceOrientations_iPad = "UIInterfaceOrientationLandscapeLeft UIInterfaceOrientationLandscapeRight UIInterfaceOrientationPortrait";
				IPHONEOS_DEPLOYMENT_TARGET = 13.0;
				LD_RUNPATH_SEARCH_PATHS = (
					"$(inherited)",
					"@executable_path/Frameworks",
				);
				MARKETING_VERSION = 1.0;
				PRODUCT_BUNDLE_IDENTIFIER = com.DGalbacheva.ImageFeed;
				PRODUCT_NAME = "$(TARGET_NAME)";
				SUPPORTED_PLATFORMS = "iphoneos iphonesimulator";
				SUPPORTS_MACCATALYST = NO;
				SWIFT_EMIT_LOC_STRINGS = YES;
				SWIFT_VERSION = 5.0;
				TARGETED_DEVICE_FAMILY = 1;
			};
			name = Release;
		};
		E48EFBC72BBA94910015A7D1 /* Debug */ = {
			isa = XCBuildConfiguration;
			buildSettings = {
				ALWAYS_EMBED_SWIFT_STANDARD_LIBRARIES = YES;
				BUNDLE_LOADER = "$(TEST_HOST)";
				CODE_SIGN_STYLE = Automatic;
				CURRENT_PROJECT_VERSION = 1;
				DEVELOPMENT_TEAM = FP73RGLRL5;
				GENERATE_INFOPLIST_FILE = YES;
				IPHONEOS_DEPLOYMENT_TARGET = 17.2;
				MARKETING_VERSION = 1.0;
				PRODUCT_BUNDLE_IDENTIFIER = com.DGalbacheva.ImageFeedTests;
				PRODUCT_NAME = "$(TARGET_NAME)";
				SWIFT_EMIT_LOC_STRINGS = NO;
				SWIFT_VERSION = 5.0;
				TARGETED_DEVICE_FAMILY = "1,2";
				TEST_HOST = "$(BUILT_PRODUCTS_DIR)/ImageFeed.app/$(BUNDLE_EXECUTABLE_FOLDER_PATH)/ImageFeed";
			};
			name = Debug;
		};
		E48EFBC82BBA94910015A7D1 /* Release */ = {
			isa = XCBuildConfiguration;
			buildSettings = {
				ALWAYS_EMBED_SWIFT_STANDARD_LIBRARIES = YES;
				BUNDLE_LOADER = "$(TEST_HOST)";
				CODE_SIGN_STYLE = Automatic;
				CURRENT_PROJECT_VERSION = 1;
				DEVELOPMENT_TEAM = FP73RGLRL5;
				GENERATE_INFOPLIST_FILE = YES;
				IPHONEOS_DEPLOYMENT_TARGET = 17.2;
				MARKETING_VERSION = 1.0;
				PRODUCT_BUNDLE_IDENTIFIER = com.DGalbacheva.ImageFeedTests;
				PRODUCT_NAME = "$(TARGET_NAME)";
				SWIFT_EMIT_LOC_STRINGS = NO;
				SWIFT_VERSION = 5.0;
				TARGETED_DEVICE_FAMILY = "1,2";
				TEST_HOST = "$(BUILT_PRODUCTS_DIR)/ImageFeed.app/$(BUNDLE_EXECUTABLE_FOLDER_PATH)/ImageFeed";
			};
			name = Release;
		};
		E48EFBCA2BBA94910015A7D1 /* Debug */ = {
			isa = XCBuildConfiguration;
			buildSettings = {
				ALWAYS_EMBED_SWIFT_STANDARD_LIBRARIES = YES;
				CODE_SIGN_STYLE = Automatic;
				CURRENT_PROJECT_VERSION = 1;
				DEVELOPMENT_TEAM = FP73RGLRL5;
				GENERATE_INFOPLIST_FILE = YES;
				MARKETING_VERSION = 1.0;
				PRODUCT_BUNDLE_IDENTIFIER = com.DGalbacheva.ImageFeedUITests;
				PRODUCT_NAME = "$(TARGET_NAME)";
				SWIFT_EMIT_LOC_STRINGS = NO;
				SWIFT_VERSION = 5.0;
				TARGETED_DEVICE_FAMILY = "1,2";
				TEST_TARGET_NAME = ImageFeed;
			};
			name = Debug;
		};
		E48EFBCB2BBA94910015A7D1 /* Release */ = {
			isa = XCBuildConfiguration;
			buildSettings = {
				ALWAYS_EMBED_SWIFT_STANDARD_LIBRARIES = YES;
				CODE_SIGN_STYLE = Automatic;
				CURRENT_PROJECT_VERSION = 1;
				DEVELOPMENT_TEAM = FP73RGLRL5;
				GENERATE_INFOPLIST_FILE = YES;
				MARKETING_VERSION = 1.0;
				PRODUCT_BUNDLE_IDENTIFIER = com.DGalbacheva.ImageFeedUITests;
				PRODUCT_NAME = "$(TARGET_NAME)";
				SWIFT_EMIT_LOC_STRINGS = NO;
				SWIFT_VERSION = 5.0;
				TARGETED_DEVICE_FAMILY = "1,2";
				TEST_TARGET_NAME = ImageFeed;
			};
			name = Release;
		};
/* End XCBuildConfiguration section */

/* Begin XCConfigurationList section */
		E48EFB942BBA948B0015A7D1 /* Build configuration list for PBXProject "ImageFeed" */ = {
			isa = XCConfigurationList;
			buildConfigurations = (
				E48EFBC12BBA94910015A7D1 /* Debug */,
				E48EFBC22BBA94910015A7D1 /* Release */,
			);
			defaultConfigurationIsVisible = 0;
			defaultConfigurationName = Release;
		};
		E48EFBC32BBA94910015A7D1 /* Build configuration list for PBXNativeTarget "ImageFeed" */ = {
			isa = XCConfigurationList;
			buildConfigurations = (
				E48EFBC42BBA94910015A7D1 /* Debug */,
				E48EFBC52BBA94910015A7D1 /* Release */,
			);
			defaultConfigurationIsVisible = 0;
			defaultConfigurationName = Release;
		};
		E48EFBC62BBA94910015A7D1 /* Build configuration list for PBXNativeTarget "ImageFeedTests" */ = {
			isa = XCConfigurationList;
			buildConfigurations = (
				E48EFBC72BBA94910015A7D1 /* Debug */,
				E48EFBC82BBA94910015A7D1 /* Release */,
			);
			defaultConfigurationIsVisible = 0;
			defaultConfigurationName = Release;
		};
		E48EFBC92BBA94910015A7D1 /* Build configuration list for PBXNativeTarget "ImageFeedUITests" */ = {
			isa = XCConfigurationList;
			buildConfigurations = (
				E48EFBCA2BBA94910015A7D1 /* Debug */,
				E48EFBCB2BBA94910015A7D1 /* Release */,
			);
			defaultConfigurationIsVisible = 0;
			defaultConfigurationName = Release;
		};
/* End XCConfigurationList section */

/* Begin XCRemoteSwiftPackageReference section */
		E4CAB71E2C11D3AF00E8611A /* XCRemoteSwiftPackageReference "ProgressHUD" */ = {
			isa = XCRemoteSwiftPackageReference;
			repositoryURL = "https://github.com/relatedcode/ProgressHUD";
			requirement = {
				kind = exactVersion;
				version = 14.1.3;
			};
		};
		E4CAB7292C17158600E8611A /* XCRemoteSwiftPackageReference "Kingfisher" */ = {
			isa = XCRemoteSwiftPackageReference;
			repositoryURL = "https://github.com/onevcat/Kingfisher.git";
			requirement = {
				kind = upToNextMajorVersion;
				minimumVersion = 7.11.0;
			};
		};
		E4CAB72C2C173D5700E8611A /* XCRemoteSwiftPackageReference "SwiftKeychainWrapper" */ = {
			isa = XCRemoteSwiftPackageReference;
			repositoryURL = "https://github.com/jrendel/SwiftKeychainWrapper";
			requirement = {
				kind = upToNextMajorVersion;
				minimumVersion = 4.0.1;
			};
		};
/* End XCRemoteSwiftPackageReference section */

/* Begin XCSwiftPackageProductDependency section */
		E4CAB71F2C11D3AF00E8611A /* ProgressHUD */ = {
			isa = XCSwiftPackageProductDependency;
			package = E4CAB71E2C11D3AF00E8611A /* XCRemoteSwiftPackageReference "ProgressHUD" */;
			productName = ProgressHUD;
		};
		E4CAB72A2C17158600E8611A /* Kingfisher */ = {
			isa = XCSwiftPackageProductDependency;
			package = E4CAB7292C17158600E8611A /* XCRemoteSwiftPackageReference "Kingfisher" */;
			productName = Kingfisher;
		};
		E4CAB72D2C173D5700E8611A /* SwiftKeychainWrapper */ = {
			isa = XCSwiftPackageProductDependency;
			package = E4CAB72C2C173D5700E8611A /* XCRemoteSwiftPackageReference "SwiftKeychainWrapper" */;
			productName = SwiftKeychainWrapper;
		};
/* End XCSwiftPackageProductDependency section */
	};
	rootObject = E48EFB912BBA948B0015A7D1 /* Project object */;
}
